{
    "version": 3,
    "terraform_version": "0.11.7",
    "serial": 15,
    "lineage": "f7b67679-0f8e-4e9d-ea29-e3274545610e",
    "modules": [
        {
            "path": [
                "root"
            ],
            "outputs": {
                "public_ip": {
                    "sensitive": false,
                    "type": "string",
                    "value": "34.211.127.171"
                }
            },
            "resources": {
                "aws_instance.terraform-centos": {
                    "type": "aws_instance",
                    "depends_on": [
                        "aws_security_group.terraform_sg"
                    ],
                    "primary": {
                        "id": "i-092acdc6317bb8893",
                        "attributes": {
                            "ami": "ami-4543be3d",
                            "associate_public_ip_address": "true",
                            "availability_zone": "us-west-2c",
                            "credit_specification.#": "1",
                            "credit_specification.0.cpu_credits": "standard",
                            "disable_api_termination": "false",
                            "ebs_block_device.#": "0",
                            "ebs_optimized": "false",
                            "ephemeral_block_device.#": "0",
                            "get_password_data": "false",
                            "iam_instance_profile": "",
                            "id": "i-092acdc6317bb8893",
                            "instance_state": "running",
                            "instance_type": "t1.micro",
                            "ipv6_addresses.#": "0",
                            "key_name": "terraform-instance",
                            "monitoring": "false",
                            "network_interface.#": "0",
                            "network_interface_id": "eni-b3d1acab",
                            "password_data": "",
                            "placement_group": "",
                            "primary_network_interface_id": "eni-b3d1acab",
                            "private_dns": "ip-172-31-3-6.us-west-2.compute.internal",
                            "private_ip": "172.31.3.6",
                            "public_dns": "ec2-34-211-127-171.us-west-2.compute.amazonaws.com",
                            "public_ip": "34.211.127.171",
                            "root_block_device.#": "1",
                            "root_block_device.0.delete_on_termination": "false",
                            "root_block_device.0.iops": "100",
                            "root_block_device.0.volume_id": "vol-09acd873d9f038928",
                            "root_block_device.0.volume_size": "8",
                            "root_block_device.0.volume_type": "gp2",
                            "security_groups.#": "1",
                            "security_groups.2785851183": "terraform_sg",
                            "source_dest_check": "true",
                            "subnet_id": "subnet-7183ea29",
                            "tags.%": "1",
                            "tags.Name": "tf-instance",
                            "tenancy": "default",
                            "volume_tags.%": "0",
                            "vpc_security_group_ids.#": "1",
                            "vpc_security_group_ids.864755475": "sg-5233b823"
                        },
                        "meta": {
                            "e2bfb730-ecaa-11e6-8f88-34363bc7c4c0": {
                                "create": 600000000000,
                                "delete": 1200000000000,
                                "update": 600000000000
                            },
                            "schema_version": "1"
                        },
                        "tainted": false
                    },
                    "deposed": [],
                    "provider": "provider.aws"
                },
                "aws_security_group.terraform_sg": {
                    "type": "aws_security_group",
                    "depends_on": [],
                    "primary": {
                        "id": "sg-5233b823",
                        "attributes": {
                            "arn": "arn:aws:ec2:us-west-2:307646492781:security-group/sg-5233b823",
                            "description": "Managed by Terraform",
                            "egress.#": "0",
                            "id": "sg-5233b823",
                            "ingress.#": "2",
                            "ingress.2541437006.cidr_blocks.#": "1",
                            "ingress.2541437006.cidr_blocks.0": "0.0.0.0/0",
                            "ingress.2541437006.description": "",
                            "ingress.2541437006.from_port": "22",
                            "ingress.2541437006.ipv6_cidr_blocks.#": "0",
                            "ingress.2541437006.protocol": "tcp",
                            "ingress.2541437006.security_groups.#": "0",
                            "ingress.2541437006.self": "false",
                            "ingress.2541437006.to_port": "22",
                            "ingress.516175195.cidr_blocks.#": "1",
                            "ingress.516175195.cidr_blocks.0": "0.0.0.0/0",
                            "ingress.516175195.description": "",
                            "ingress.516175195.from_port": "8080",
                            "ingress.516175195.ipv6_cidr_blocks.#": "0",
                            "ingress.516175195.protocol": "tcp",
                            "ingress.516175195.security_groups.#": "0",
                            "ingress.516175195.self": "false",
                            "ingress.516175195.to_port": "8080",
                            "name": "terraform_sg",
                            "owner_id": "307646492781",
                            "revoke_rules_on_delete": "false",
                            "tags.%": "1",
                            "tags.Name": "terraform_sg",
                            "vpc_id": "vpc-a45ba4c3"
                        },
                        "meta": {
                            "e2bfb730-ecaa-11e6-8f88-34363bc7c4c0": {
                                "create": 600000000000,
                                "delete": 600000000000
                            },
                            "schema_version": "1"
                        },
                        "tainted": false
                    },
                    "deposed": [],
                    "provider": "provider.aws"
                }
            },
            "depends_on": []
        }
    ]
}
